// !$*UTF8*$!
{
	archiveVersion = 1;
	classes = {
	};
	objectVersion = 51;
	objects = {

/* Begin PBXBuildFile section */
		D342C71A2567D38E00E88E76 /* AppDelegate.swift in Sources */ = {isa = PBXBuildFile; fileRef = D342C7192567D38E00E88E76 /* AppDelegate.swift */; };
		D342C71C2567D38E00E88E76 /* MainViewController.swift in Sources */ = {isa = PBXBuildFile; fileRef = D342C71B2567D38E00E88E76 /* MainViewController.swift */; };
		D342C71E2567D39000E88E76 /* Assets.xcassets in Resources */ = {isa = PBXBuildFile; fileRef = D342C71D2567D39000E88E76 /* Assets.xcassets */; };
		D342C7212567D39000E88E76 /* Main.storyboard in Resources */ = {isa = PBXBuildFile; fileRef = D342C71F2567D39000E88E76 /* Main.storyboard */; };
		D342C7342568054400E88E76 /* TranslationRecordCell.swift in Sources */ = {isa = PBXBuildFile; fileRef = D342C7332568054400E88E76 /* TranslationRecordCell.swift */; };
		D38EF38025758EA50001C6F1 /* GoogleService-Info.plist in Resources */ = {isa = PBXBuildFile; fileRef = D38EF37F25758EA50001C6F1 /* GoogleService-Info.plist */; };
		D3F4D4FD2569915B00BB4728 /* TranslationsUploaderFirebaseService.swift in Sources */ = {isa = PBXBuildFile; fileRef = D3F4D4FC2569915B00BB4728 /* TranslationsUploaderFirebaseService.swift */; };
		FF9D068E328938BA987DE32F /* Pods_TranslationUploader.framework in Frameworks */ = {isa = PBXBuildFile; fileRef = E2ABD2FF61EDDADB6CB9E78C /* Pods_TranslationUploader.framework */; };
/* End PBXBuildFile section */

/* Begin PBXFileReference section */
		21836DA065EF8C6EF92AEDE6 /* Pods-TranslationUploader.debug.xcconfig */ = {isa = PBXFileReference; includeInIndex = 1; lastKnownFileType = text.xcconfig; name = "Pods-TranslationUploader.debug.xcconfig"; path = "Target Support Files/Pods-TranslationUploader/Pods-TranslationUploader.debug.xcconfig"; sourceTree = "<group>"; };
		85EE6AA6B900793B449E400D /* Pods-TranslationUploader.release.xcconfig */ = {isa = PBXFileReference; includeInIndex = 1; lastKnownFileType = text.xcconfig; name = "Pods-TranslationUploader.release.xcconfig"; path = "Target Support Files/Pods-TranslationUploader/Pods-TranslationUploader.release.xcconfig"; sourceTree = "<group>"; };
		D342C7162567D38E00E88E76 /* TranslationUploader.app */ = {isa = PBXFileReference; explicitFileType = wrapper.application; includeInIndex = 0; path = TranslationUploader.app; sourceTree = BUILT_PRODUCTS_DIR; };
		D342C7192567D38E00E88E76 /* AppDelegate.swift */ = {isa = PBXFileReference; lastKnownFileType = sourcecode.swift; path = AppDelegate.swift; sourceTree = "<group>"; };
		D342C71B2567D38E00E88E76 /* MainViewController.swift */ = {isa = PBXFileReference; lastKnownFileType = sourcecode.swift; path = MainViewController.swift; sourceTree = "<group>"; };
		D342C71D2567D39000E88E76 /* Assets.xcassets */ = {isa = PBXFileReference; lastKnownFileType = folder.assetcatalog; path = Assets.xcassets; sourceTree = "<group>"; };
		D342C7202567D39000E88E76 /* Base */ = {isa = PBXFileReference; lastKnownFileType = file.storyboard; name = Base; path = Base.lproj/Main.storyboard; sourceTree = "<group>"; };
		D342C7222567D39000E88E76 /* Info.plist */ = {isa = PBXFileReference; lastKnownFileType = text.plist.xml; path = Info.plist; sourceTree = "<group>"; };
		D342C7232567D39100E88E76 /* TranslationUploader.entitlements */ = {isa = PBXFileReference; lastKnownFileType = text.plist.entitlements; path = TranslationUploader.entitlements; sourceTree = "<group>"; };
		D342C7332568054400E88E76 /* TranslationRecordCell.swift */ = {isa = PBXFileReference; lastKnownFileType = sourcecode.swift; path = TranslationRecordCell.swift; sourceTree = "<group>"; };
		D38EF37F25758EA50001C6F1 /* GoogleService-Info.plist */ = {isa = PBXFileReference; fileEncoding = 4; lastKnownFileType = text.plist.xml; path = "GoogleService-Info.plist"; sourceTree = "<group>"; };
		D3F4D4E325698E8000BB4728 /* FirebaseStorage.framework */ = {isa = PBXFileReference; lastKnownFileType = wrapper.framework; name = FirebaseStorage.framework; path = TranslationUploader/Carthage/Build/iOS/FirebaseStorage.framework; sourceTree = "<group>"; };
		D3F4D4FC2569915B00BB4728 /* TranslationsUploaderFirebaseService.swift */ = {isa = PBXFileReference; lastKnownFileType = sourcecode.swift; path = TranslationsUploaderFirebaseService.swift; sourceTree = "<group>"; };
		E2ABD2FF61EDDADB6CB9E78C /* Pods_TranslationUploader.framework */ = {isa = PBXFileReference; explicitFileType = wrapper.framework; includeInIndex = 0; path = Pods_TranslationUploader.framework; sourceTree = BUILT_PRODUCTS_DIR; };
/* End PBXFileReference section */

/* Begin PBXFrameworksBuildPhase section */
		D342C7132567D38E00E88E76 /* Frameworks */ = {
			isa = PBXFrameworksBuildPhase;
			buildActionMask = 2147483647;
			files = (
				FF9D068E328938BA987DE32F /* Pods_TranslationUploader.framework in Frameworks */,
			);
			runOnlyForDeploymentPostprocessing = 0;
		};
/* End PBXFrameworksBuildPhase section */

/* Begin PBXGroup section */
		C3BE96F597EF54D7D32194E3 /* Pods */ = {
			isa = PBXGroup;
			children = (
				21836DA065EF8C6EF92AEDE6 /* Pods-TranslationUploader.debug.xcconfig */,
				85EE6AA6B900793B449E400D /* Pods-TranslationUploader.release.xcconfig */,
			);
			path = Pods;
			sourceTree = "<group>";
		};
		D342C70D2567D38E00E88E76 = {
			isa = PBXGroup;
			children = (
				D342C7182567D38E00E88E76 /* TranslationUploader */,
				D342C7172567D38E00E88E76 /* Products */,
				D3F4D4E225698E8000BB4728 /* Frameworks */,
				C3BE96F597EF54D7D32194E3 /* Pods */,
			);
			sourceTree = "<group>";
		};
		D342C7172567D38E00E88E76 /* Products */ = {
			isa = PBXGroup;
			children = (
				D342C7162567D38E00E88E76 /* TranslationUploader.app */,
			);
			name = Products;
			sourceTree = "<group>";
		};
		D342C7182567D38E00E88E76 /* TranslationUploader */ = {
			isa = PBXGroup;
			children = (
				D342C7192567D38E00E88E76 /* AppDelegate.swift */,
				D342C71B2567D38E00E88E76 /* MainViewController.swift */,
				D342C7332568054400E88E76 /* TranslationRecordCell.swift */,
				D3F4D4FC2569915B00BB4728 /* TranslationsUploaderFirebaseService.swift */,
				D342C71D2567D39000E88E76 /* Assets.xcassets */,
				D342C71F2567D39000E88E76 /* Main.storyboard */,
				D342C7222567D39000E88E76 /* Info.plist */,
				D38EF37F25758EA50001C6F1 /* GoogleService-Info.plist */,
				D342C7232567D39100E88E76 /* TranslationUploader.entitlements */,
			);
			path = TranslationUploader;
			sourceTree = "<group>";
		};
		D3F4D4E225698E8000BB4728 /* Frameworks */ = {
			isa = PBXGroup;
			children = (
				D3F4D4E325698E8000BB4728 /* FirebaseStorage.framework */,
				E2ABD2FF61EDDADB6CB9E78C /* Pods_TranslationUploader.framework */,
			);
			name = Frameworks;
			sourceTree = "<group>";
		};
/* End PBXGroup section */

/* Begin PBXNativeTarget section */
		D342C7152567D38E00E88E76 /* TranslationUploader */ = {
			isa = PBXNativeTarget;
			buildConfigurationList = D342C7262567D39100E88E76 /* Build configuration list for PBXNativeTarget "TranslationUploader" */;
			buildPhases = (
				03E360A4F95DCFE1F1B0EFF0 /* [CP] Check Pods Manifest.lock */,
				D342C7122567D38E00E88E76 /* Sources */,
				D342C7132567D38E00E88E76 /* Frameworks */,
				D342C7142567D38E00E88E76 /* Resources */,
				E4B88154DA8725F340B240EF /* [CP] Embed Pods Frameworks */,
			);
			buildRules = (
			);
			dependencies = (
			);
			name = TranslationUploader;
			productName = TranslationUploader;
			productReference = D342C7162567D38E00E88E76 /* TranslationUploader.app */;
			productType = "com.apple.product-type.application";
		};
/* End PBXNativeTarget section */

/* Begin PBXProject section */
		D342C70E2567D38E00E88E76 /* Project object */ = {
			isa = PBXProject;
			attributes = {
				LastSwiftUpdateCheck = 1220;
				LastUpgradeCheck = 1220;
				TargetAttributes = {
					D342C7152567D38E00E88E76 = {
						CreatedOnToolsVersion = 12.2;
					};
				};
			};
			buildConfigurationList = D342C7112567D38E00E88E76 /* Build configuration list for PBXProject "TranslationUploader" */;
			compatibilityVersion = "Xcode 9.3";
			developmentRegion = en;
			hasScannedForEncodings = 0;
			knownRegions = (
				en,
				Base,
			);
			mainGroup = D342C70D2567D38E00E88E76;
			productRefGroup = D342C7172567D38E00E88E76 /* Products */;
			projectDirPath = "";
			projectRoot = "";
			targets = (
				D342C7152567D38E00E88E76 /* TranslationUploader */,
			);
		};
/* End PBXProject section */

/* Begin PBXResourcesBuildPhase section */
		D342C7142567D38E00E88E76 /* Resources */ = {
			isa = PBXResourcesBuildPhase;
			buildActionMask = 2147483647;
			files = (
				D342C71E2567D39000E88E76 /* Assets.xcassets in Resources */,
				D342C7212567D39000E88E76 /* Main.storyboard in Resources */,
				D38EF38025758EA50001C6F1 /* GoogleService-Info.plist in Resources */,
			);
			runOnlyForDeploymentPostprocessing = 0;
		};
/* End PBXResourcesBuildPhase section */

/* Begin PBXShellScriptBuildPhase section */
		03E360A4F95DCFE1F1B0EFF0 /* [CP] Check Pods Manifest.lock */ = {
			isa = PBXShellScriptBuildPhase;
			buildActionMask = 2147483647;
			files = (
			);
			inputFileListPaths = (
			);
			inputPaths = (
				"${PODS_PODFILE_DIR_PATH}/Podfile.lock",
				"${PODS_ROOT}/Manifest.lock",
			);
			name = "[CP] Check Pods Manifest.lock";
			outputFileListPaths = (
			);
			outputPaths = (
				"$(DERIVED_FILE_DIR)/Pods-TranslationUploader-checkManifestLockResult.txt",
			);
			runOnlyForDeploymentPostprocessing = 0;
			shellPath = /bin/sh;
			shellScript = "diff \"${PODS_PODFILE_DIR_PATH}/Podfile.lock\" \"${PODS_ROOT}/Manifest.lock\" > /dev/null\nif [ $? != 0 ] ; then\n    # print error to STDERR\n    echo \"error: The sandbox is not in sync with the Podfile.lock. Run 'pod install' or update your CocoaPods installation.\" >&2\n    exit 1\nfi\n# This output is used by Xcode 'outputs' to avoid re-running this script phase.\necho \"SUCCESS\" > \"${SCRIPT_OUTPUT_FILE_0}\"\n";
			showEnvVarsInLog = 0;
		};
		E4B88154DA8725F340B240EF /* [CP] Embed Pods Frameworks */ = {
			isa = PBXShellScriptBuildPhase;
			buildActionMask = 2147483647;
			files = (
			);
			inputFileListPaths = (
				"${PODS_ROOT}/Target Support Files/Pods-TranslationUploader/Pods-TranslationUploader-frameworks-${CONFIGURATION}-input-files.xcfilelist",
			);
			name = "[CP] Embed Pods Frameworks";
			outputFileListPaths = (
				"${PODS_ROOT}/Target Support Files/Pods-TranslationUploader/Pods-TranslationUploader-frameworks-${CONFIGURATION}-output-files.xcfilelist",
			);
			runOnlyForDeploymentPostprocessing = 0;
			shellPath = /bin/sh;
			shellScript = "\"${PODS_ROOT}/Target Support Files/Pods-TranslationUploader/Pods-TranslationUploader-frameworks.sh\"\n";
			showEnvVarsInLog = 0;
		};
/* End PBXShellScriptBuildPhase section */

/* Begin PBXSourcesBuildPhase section */
		D342C7122567D38E00E88E76 /* Sources */ = {
			isa = PBXSourcesBuildPhase;
			buildActionMask = 2147483647;
			files = (
				D3F4D4FD2569915B00BB4728 /* TranslationsUploaderFirebaseService.swift in Sources */,
				D342C71C2567D38E00E88E76 /* MainViewController.swift in Sources */,
				D342C7342568054400E88E76 /* TranslationRecordCell.swift in Sources */,
				D342C71A2567D38E00E88E76 /* AppDelegate.swift in Sources */,
			);
			runOnlyForDeploymentPostprocessing = 0;
		};
/* End PBXSourcesBuildPhase section */

/* Begin PBXVariantGroup section */
		D342C71F2567D39000E88E76 /* Main.storyboard */ = {
			isa = PBXVariantGroup;
			children = (
				D342C7202567D39000E88E76 /* Base */,
			);
			name = Main.storyboard;
			sourceTree = "<group>";
		};
/* End PBXVariantGroup section */

/* Begin XCBuildConfiguration section */
		D342C7242567D39100E88E76 /* Debug */ = {
			isa = XCBuildConfiguration;
			buildSettings = {
				ALWAYS_SEARCH_USER_PATHS = NO;
				CLANG_ANALYZER_NONNULL = YES;
				CLANG_ANALYZER_NUMBER_OBJECT_CONVERSION = YES_AGGRESSIVE;
				CLANG_CXX_LANGUAGE_STANDARD = "gnu++14";
				CLANG_CXX_LIBRARY = "libc++";
				CLANG_ENABLE_MODULES = YES;
				CLANG_ENABLE_OBJC_ARC = YES;
				CLANG_ENABLE_OBJC_WEAK = YES;
				CLANG_WARN_BLOCK_CAPTURE_AUTORELEASING = YES;
				CLANG_WARN_BOOL_CONVERSION = YES;
				CLANG_WARN_COMMA = YES;
				CLANG_WARN_CONSTANT_CONVERSION = YES;
				CLANG_WARN_DEPRECATED_OBJC_IMPLEMENTATIONS = YES;
				CLANG_WARN_DIRECT_OBJC_ISA_USAGE = YES_ERROR;
				CLANG_WARN_DOCUMENTATION_COMMENTS = YES;
				CLANG_WARN_EMPTY_BODY = YES;
				CLANG_WARN_ENUM_CONVERSION = YES;
				CLANG_WARN_INFINITE_RECURSION = YES;
				CLANG_WARN_INT_CONVERSION = YES;
				CLANG_WARN_NON_LITERAL_NULL_CONVERSION = YES;
				CLANG_WARN_OBJC_IMPLICIT_RETAIN_SELF = YES;
				CLANG_WARN_OBJC_LITERAL_CONVERSION = YES;
				CLANG_WARN_OBJC_ROOT_CLASS = YES_ERROR;
				CLANG_WARN_QUOTED_INCLUDE_IN_FRAMEWORK_HEADER = YES;
				CLANG_WARN_RANGE_LOOP_ANALYSIS = YES;
				CLANG_WARN_STRICT_PROTOTYPES = YES;
				CLANG_WARN_SUSPICIOUS_MOVE = YES;
				CLANG_WARN_UNGUARDED_AVAILABILITY = YES_AGGRESSIVE;
				CLANG_WARN_UNREACHABLE_CODE = YES;
				CLANG_WARN__DUPLICATE_METHOD_MATCH = YES;
				COPY_PHASE_STRIP = NO;
				DEBUG_INFORMATION_FORMAT = dwarf;
				ENABLE_STRICT_OBJC_MSGSEND = YES;
				ENABLE_TESTABILITY = YES;
				GCC_C_LANGUAGE_STANDARD = gnu11;
				GCC_DYNAMIC_NO_PIC = NO;
				GCC_NO_COMMON_BLOCKS = YES;
				GCC_OPTIMIZATION_LEVEL = 0;
				GCC_PREPROCESSOR_DEFINITIONS = (
					"DEBUG=1",
					"$(inherited)",
				);
				GCC_WARN_64_TO_32_BIT_CONVERSION = YES;
				GCC_WARN_ABOUT_RETURN_TYPE = YES_ERROR;
				GCC_WARN_UNDECLARED_SELECTOR = YES;
				GCC_WARN_UNINITIALIZED_AUTOS = YES_AGGRESSIVE;
				GCC_WARN_UNUSED_FUNCTION = YES;
				GCC_WARN_UNUSED_VARIABLE = YES;
				MACOSX_DEPLOYMENT_TARGET = 10.11;
				MTL_ENABLE_DEBUG_INFO = INCLUDE_SOURCE;
				MTL_FAST_MATH = YES;
				ONLY_ACTIVE_ARCH = YES;
				SDKROOT = macosx;
				SWIFT_ACTIVE_COMPILATION_CONDITIONS = DEBUG;
				SWIFT_OPTIMIZATION_LEVEL = "-Onone";
			};
			name = Debug;
		};
		D342C7252567D39100E88E76 /* Release */ = {
			isa = XCBuildConfiguration;
			buildSettings = {
				ALWAYS_SEARCH_USER_PATHS = NO;
				CLANG_ANALYZER_NONNULL = YES;
				CLANG_ANALYZER_NUMBER_OBJECT_CONVERSION = YES_AGGRESSIVE;
				CLANG_CXX_LANGUAGE_STANDARD = "gnu++14";
				CLANG_CXX_LIBRARY = "libc++";
				CLANG_ENABLE_MODULES = YES;
				CLANG_ENABLE_OBJC_ARC = YES;
				CLANG_ENABLE_OBJC_WEAK = YES;
				CLANG_WARN_BLOCK_CAPTURE_AUTORELEASING = YES;
				CLANG_WARN_BOOL_CONVERSION = YES;
				CLANG_WARN_COMMA = YES;
				CLANG_WARN_CONSTANT_CONVERSION = YES;
				CLANG_WARN_DEPRECATED_OBJC_IMPLEMENTATIONS = YES;
				CLANG_WARN_DIRECT_OBJC_ISA_USAGE = YES_ERROR;
				CLANG_WARN_DOCUMENTATION_COMMENTS = YES;
				CLANG_WARN_EMPTY_BODY = YES;
				CLANG_WARN_ENUM_CONVERSION = YES;
				CLANG_WARN_INFINITE_RECURSION = YES;
				CLANG_WARN_INT_CONVERSION = YES;
				CLANG_WARN_NON_LITERAL_NULL_CONVERSION = YES;
				CLANG_WARN_OBJC_IMPLICIT_RETAIN_SELF = YES;
				CLANG_WARN_OBJC_LITERAL_CONVERSION = YES;
				CLANG_WARN_OBJC_ROOT_CLASS = YES_ERROR;
				CLANG_WARN_QUOTED_INCLUDE_IN_FRAMEWORK_HEADER = YES;
				CLANG_WARN_RANGE_LOOP_ANALYSIS = YES;
				CLANG_WARN_STRICT_PROTOTYPES = YES;
				CLANG_WARN_SUSPICIOUS_MOVE = YES;
				CLANG_WARN_UNGUARDED_AVAILABILITY = YES_AGGRESSIVE;
				CLANG_WARN_UNREACHABLE_CODE = YES;
				CLANG_WARN__DUPLICATE_METHOD_MATCH = YES;
				COPY_PHASE_STRIP = NO;
				DEBUG_INFORMATION_FORMAT = "dwarf-with-dsym";
				ENABLE_NS_ASSERTIONS = NO;
				ENABLE_STRICT_OBJC_MSGSEND = YES;
				GCC_C_LANGUAGE_STANDARD = gnu11;
				GCC_NO_COMMON_BLOCKS = YES;
				GCC_WARN_64_TO_32_BIT_CONVERSION = YES;
				GCC_WARN_ABOUT_RETURN_TYPE = YES_ERROR;
				GCC_WARN_UNDECLARED_SELECTOR = YES;
				GCC_WARN_UNINITIALIZED_AUTOS = YES_AGGRESSIVE;
				GCC_WARN_UNUSED_FUNCTION = YES;
				GCC_WARN_UNUSED_VARIABLE = YES;
				MACOSX_DEPLOYMENT_TARGET = 10.11;
				MTL_ENABLE_DEBUG_INFO = NO;
				MTL_FAST_MATH = YES;
				SDKROOT = macosx;
				SWIFT_COMPILATION_MODE = wholemodule;
				SWIFT_OPTIMIZATION_LEVEL = "-O";
			};
			name = Release;
		};
		D342C7272567D39100E88E76 /* Debug */ = {
			isa = XCBuildConfiguration;
			baseConfigurationReference = 21836DA065EF8C6EF92AEDE6 /* Pods-TranslationUploader.debug.xcconfig */;
			buildSettings = {
				ASSETCATALOG_COMPILER_APPICON_NAME = AppIcon;
				ASSETCATALOG_COMPILER_GLOBAL_ACCENT_COLOR_NAME = AccentColor;
				CODE_SIGN_ENTITLEMENTS = TranslationUploader/TranslationUploader.entitlements;
				CODE_SIGN_IDENTITY = "Apple Development";
				CODE_SIGN_STYLE = Manual;
				COMBINE_HIDPI_IMAGES = YES;
				DEVELOPMENT_TEAM = Y8Z824X6F6;
				ENABLE_HARDENED_RUNTIME = YES;
				FRAMEWORK_SEARCH_PATHS = "$(inherited)";
				INFOPLIST_FILE = TranslationUploader/Info.plist;
				LD_RUNPATH_SEARCH_PATHS = (
					"$(inherited)",
					"@executable_path/../Frameworks",
				);
				MACOSX_DEPLOYMENT_TARGET = 10.11;
				PRODUCT_BUNDLE_IDENTIFIER = com.knltb.translationUploader;
				PRODUCT_NAME = "$(TARGET_NAME)";
				PROVISIONING_PROFILE_SPECIFIER = "";
				SWIFT_VERSION = 5.0;
			};
			name = Debug;
		};
		D342C7282567D39100E88E76 /* Release */ = {
			isa = XCBuildConfiguration;
			baseConfigurationReference = 85EE6AA6B900793B449E400D /* Pods-TranslationUploader.release.xcconfig */;
			buildSettings = {
				ASSETCATALOG_COMPILER_APPICON_NAME = AppIcon;
				ASSETCATALOG_COMPILER_GLOBAL_ACCENT_COLOR_NAME = AccentColor;
				CODE_SIGN_ENTITLEMENTS = TranslationUploader/TranslationUploader.entitlements;
				CODE_SIGN_IDENTITY = "Apple Development";
				CODE_SIGN_STYLE = Manual;
				COMBINE_HIDPI_IMAGES = YES;
				DEVELOPMENT_TEAM = Y8Z824X6F6;
				ENABLE_HARDENED_RUNTIME = YES;
				FRAMEWORK_SEARCH_PATHS = "$(inherited)";
				INFOPLIST_FILE = TranslationUploader/Info.plist;
				LD_RUNPATH_SEARCH_PATHS = (
					"$(inherited)",
					"@executable_path/../Frameworks",
				);
				MACOSX_DEPLOYMENT_TARGET = 10.11;
				PRODUCT_BUNDLE_IDENTIFIER = com.knltb.translationUploader;
				PRODUCT_NAME = "$(TARGET_NAME)";
				PROVISIONING_PROFILE_SPECIFIER = "";
				SWIFT_VERSION = 5.0;
			};
			name = Release;
		};
/* End XCBuildConfiguration section */

/* Begin XCConfigurationList section */
		D342C7112567D38E00E88E76 /* Build configuration list for PBXProject "TranslationUploader" */ = {
			isa = XCConfigurationList;
			buildConfigurations = (
				D342C7242567D39100E88E76 /* Debug */,
				D342C7252567D39100E88E76 /* Release */,
			);
			defaultConfigurationIsVisible = 0;
			defaultConfigurationName = Release;
		};
		D342C7262567D39100E88E76 /* Build configuration list for PBXNativeTarget "TranslationUploader" */ = {
			isa = XCConfigurationList;
			buildConfigurations = (
				D342C7272567D39100E88E76 /* Debug */,
				D342C7282567D39100E88E76 /* Release */,
			);
			defaultConfigurationIsVisible = 0;
			defaultConfigurationName = Release;
		};
/* End XCConfigurationList section */
	};
	rootObject = D342C70E2567D38E00E88E76 /* Project object */;
}
